// !$*UTF8*$!
{
	archiveVersion = 1;
	classes = {
	};
	objectVersion = 46;
	objects = {

/* Begin PBXBuildFile section */
		097DE3801BA685A900487927 /* AppDelegate.swift in Sources */ = {isa = PBXBuildFile; fileRef = 097DE37F1BA685A900487927 /* AppDelegate.swift */; };
		097DE3821BA685A900487927 /* ViewController.swift in Sources */ = {isa = PBXBuildFile; fileRef = 097DE3811BA685A900487927 /* ViewController.swift */; };
		097DE3851BA685A900487927 /* Main.storyboard in Resources */ = {isa = PBXBuildFile; fileRef = 097DE3831BA685A900487927 /* Main.storyboard */; };
		097DE3871BA685A900487927 /* Images.xcassets in Resources */ = {isa = PBXBuildFile; fileRef = 097DE3861BA685A900487927 /* Images.xcassets */; };
		097DE38A1BA685A900487927 /* LaunchScreen.xib in Resources */ = {isa = PBXBuildFile; fileRef = 097DE3881BA685A900487927 /* LaunchScreen.xib */; };
		097DE3961BA685A900487927 /* tipsyCalcTests.swift in Sources */ = {isa = PBXBuildFile; fileRef = 097DE3951BA685A900487927 /* tipsyCalcTests.swift */; };
/* End PBXBuildFile section */

/* Begin PBXContainerItemProxy section */
		097DE3901BA685A900487927 /* PBXContainerItemProxy */ = {
			isa = PBXContainerItemProxy;
			containerPortal = 097DE3721BA685A900487927 /* Project object */;
			proxyType = 1;
			remoteGlobalIDString = 097DE3791BA685A900487927;
			remoteInfo = tipsyCalc;
		};
/* End PBXContainerItemProxy section */

/* Begin PBXFileReference section */
		097DE37A1BA685A900487927 /* tipsyCalc.app */ = {isa = PBXFileReference; explicitFileType = wrapper.application; includeInIndex = 0; path = tipsyCalc.app; sourceTree = BUILT_PRODUCTS_DIR; };
		097DE37E1BA685A900487927 /* Info.plist */ = {isa = PBXFileReference; lastKnownFileType = text.plist.xml; path = Info.plist; sourceTree = "<group>"; };
		097DE37F1BA685A900487927 /* AppDelegate.swift */ = {isa = PBXFileReference; lastKnownFileType = sourcecode.swift; path = AppDelegate.swift; sourceTree = "<group>"; };
		097DE3811BA685A900487927 /* ViewController.swift */ = {isa = PBXFileReference; lastKnownFileType = sourcecode.swift; path = ViewController.swift; sourceTree = "<group>"; };
		097DE3841BA685A900487927 /* Base */ = {isa = PBXFileReference; lastKnownFileType = file.storyboard; name = Base; path = Base.lproj/Main.storyboard; sourceTree = "<group>"; };
		097DE3861BA685A900487927 /* Images.xcassets */ = {isa = PBXFileReference; lastKnownFileType = folder.assetcatalog; path = Images.xcassets; sourceTree = "<group>"; };
		097DE3891BA685A900487927 /* Base */ = {isa = PBXFileReference; lastKnownFileType = file.xib; name = Base; path = Base.lproj/LaunchScreen.xib; sourceTree = "<group>"; };
		097DE38F1BA685A900487927 /* tipsyCalcTests.xctest */ = {isa = PBXFileReference; explicitFileType = wrapper.cfbundle; includeInIndex = 0; path = tipsyCalcTests.xctest; sourceTree = BUILT_PRODUCTS_DIR; };
		097DE3941BA685A900487927 /* Info.plist */ = {isa = PBXFileReference; lastKnownFileType = text.plist.xml; path = Info.plist; sourceTree = "<group>"; };
		097DE3951BA685A900487927 /* tipsyCalcTests.swift */ = {isa = PBXFileReference; lastKnownFileType = sourcecode.swift; path = tipsyCalcTests.swift; sourceTree = "<group>"; };
/* End PBXFileReference section */

/* Begin PBXFrameworksBuildPhase section */
		097DE3771BA685A900487927 /* Frameworks */ = {
			isa = PBXFrameworksBuildPhase;
			buildActionMask = 2147483647;
			files = (
			);
			runOnlyForDeploymentPostprocessing = 0;
		};
		097DE38C1BA685A900487927 /* Frameworks */ = {
			isa = PBXFrameworksBuildPhase;
			buildActionMask = 2147483647;
			files = (
			);
			runOnlyForDeploymentPostprocessing = 0;
		};
/* End PBXFrameworksBuildPhase section */

/* Begin PBXGroup section */
		097DE3711BA685A900487927 = {
			isa = PBXGroup;
			children = (
				097DE37C1BA685A900487927 /* tipsyCalc */,
				097DE3921BA685A900487927 /* tipsyCalcTests */,
				097DE37B1BA685A900487927 /* Products */,
			);
			sourceTree = "<group>";
		};
		097DE37B1BA685A900487927 /* Products */ = {
			isa = PBXGroup;
			children = (
				097DE37A1BA685A900487927 /* tipsyCalc.app */,
				097DE38F1BA685A900487927 /* tipsyCalcTests.xctest */,
			);
			name = Products;
			sourceTree = "<group>";
		};
		097DE37C1BA685A900487927 /* tipsyCalc */ = {
			isa = PBXGroup;
			children = (
				097DE37F1BA685A900487927 /* AppDelegate.swift */,
				097DE3811BA685A900487927 /* ViewController.swift */,
				097DE3831BA685A900487927 /* Main.storyboard */,
				097DE3861BA685A900487927 /* Images.xcassets */,
				097DE3881BA685A900487927 /* LaunchScreen.xib */,
				097DE37D1BA685A900487927 /* Supporting Files */,
			);
			path = tipsyCalc;
			sourceTree = "<group>";
		};
		097DE37D1BA685A900487927 /* Supporting Files */ = {
			isa = PBXGroup;
			children = (
				097DE37E1BA685A900487927 /* Info.plist */,
			);
			name = "Supporting Files";
			sourceTree = "<group>";
		};
		097DE3921BA685A900487927 /* tipsyCalcTests */ = {
			isa = PBXGroup;
			children = (
				097DE3951BA685A900487927 /* tipsyCalcTests.swift */,
				097DE3931BA685A900487927 /* Supporting Files */,
			);
			path = tipsyCalcTests;
			sourceTree = "<group>";
		};
		097DE3931BA685A900487927 /* Supporting Files */ = {
			isa = PBXGroup;
			children = (
				097DE3941BA685A900487927 /* Info.plist */,
			);
			name = "Supporting Files";
			sourceTree = "<group>";
		};
/* End PBXGroup section */

/* Begin PBXNativeTarget section */
		097DE3791BA685A900487927 /* tipsyCalc */ = {
			isa = PBXNativeTarget;
			buildConfigurationList = 097DE3991BA685A900487927 /* Build configuration list for PBXNativeTarget "tipsyCalc" */;
			buildPhases = (
				097DE3761BA685A900487927 /* Sources */,
				097DE3771BA685A900487927 /* Frameworks */,
				097DE3781BA685A900487927 /* Resources */,
			);
			buildRules = (
			);
			dependencies = (
			);
			name = tipsyCalc;
			productName = tipsyCalc;
			productReference = 097DE37A1BA685A900487927 /* tipsyCalc.app */;
			productType = "com.apple.product-type.application";
		};
		097DE38E1BA685A900487927 /* tipsyCalcTests */ = {
			isa = PBXNativeTarget;
			buildConfigurationList = 097DE39C1BA685A900487927 /* Build configuration list for PBXNativeTarget "tipsyCalcTests" */;
			buildPhases = (
				097DE38B1BA685A900487927 /* Sources */,
				097DE38C1BA685A900487927 /* Frameworks */,
				097DE38D1BA685A900487927 /* Resources */,
			);
			buildRules = (
			);
			dependencies = (
				097DE3911BA685A900487927 /* PBXTargetDependency */,
			);
			name = tipsyCalcTests;
			productName = tipsyCalcTests;
			productReference = 097DE38F1BA685A900487927 /* tipsyCalcTests.xctest */;
			productType = "com.apple.product-type.bundle.unit-test";
		};
/* End PBXNativeTarget section */

/* Begin PBXProject section */
		097DE3721BA685A900487927 /* Project object */ = {
			isa = PBXProject;
			attributes = {
				LastUpgradeCheck = 0640;
				ORGANIZATIONNAME = "Chris Mikelson";
				TargetAttributes = {
					097DE3791BA685A900487927 = {
						CreatedOnToolsVersion = 6.4;
					};
					097DE38E1BA685A900487927 = {
						CreatedOnToolsVersion = 6.4;
						TestTargetID = 097DE3791BA685A900487927;
					};
				};
			};
			buildConfigurationList = 097DE3751BA685A900487927 /* Build configuration list for PBXProject "tipsyCalc" */;
			compatibilityVersion = "Xcode 3.2";
			developmentRegion = English;
			hasScannedForEncodings = 0;
			knownRegions = (
				en,
				Base,
			);
			mainGroup = 097DE3711BA685A900487927;
			productRefGroup = 097DE37B1BA685A900487927 /* Products */;
			projectDirPath = "";
			projectRoot = "";
			targets = (
				097DE3791BA685A900487927 /* tipsyCalc */,
				097DE38E1BA685A900487927 /* tipsyCalcTests */,
			);
		};
/* End PBXProject section */

/* Begin PBXResourcesBuildPhase section */
		097DE3781BA685A900487927 /* Resources */ = {
			isa = PBXResourcesBuildPhase;
			buildActionMask = 2147483647;
			files = (
				097DE3851BA685A900487927 /* Main.storyboard in Resources */,
				097DE38A1BA685A900487927 /* LaunchScreen.xib in Resources */,
				097DE3871BA685A900487927 /* Images.xcassets in Resources */,
			);
			runOnlyForDeploymentPostprocessing = 0;
		};
		097DE38D1BA685A900487927 /* Resources */ = {
			isa = PBXResourcesBuildPhase;
			buildActionMask = 2147483647;
			files = (
			);
			runOnlyForDeploymentPostprocessing = 0;
		};
/* End PBXResourcesBuildPhase section */

/* Begin PBXSourcesBuildPhase section */
		097DE3761BA685A900487927 /* Sources */ = {
			isa = PBXSourcesBuildPhase;
			buildActionMask = 2147483647;
			files = (
				097DE3821BA685A900487927 /* ViewController.swift in Sources */,
				097DE3801BA685A900487927 /* AppDelegate.swift in Sources */,
			);
			runOnlyForDeploymentPostprocessing = 0;
		};
		097DE38B1BA685A900487927 /* Sources */ = {
			isa = PBXSourcesBuildPhase;
			buildActionMask = 2147483647;
			files = (
				097DE3961BA685A900487927 /* tipsyCalcTests.swift in Sources */,
			);
			runOnlyForDeploymentPostprocessing = 0;
		};
/* End PBXSourcesBuildPhase section */

/* Begin PBXTargetDependency section */
		097DE3911BA685A900487927 /* PBXTargetDependency */ = {
			isa = PBXTargetDependency;
			target = 097DE3791BA685A900487927 /* tipsyCalc */;
			targetProxy = 097DE3901BA685A900487927 /* PBXContainerItemProxy */;
		};
/* End PBXTargetDependency section */

/* Begin PBXVariantGroup section */
		097DE3831BA685A900487927 /* Main.storyboard */ = {
			isa = PBXVariantGroup;
			children = (
				097DE3841BA685A900487927 /* Base */,
			);
			name = Main.storyboard;
			sourceTree = "<group>";
		};
		097DE3881BA685A900487927 /* LaunchScreen.xib */ = {
			isa = PBXVariantGroup;
			children = (
				097DE3891BA685A900487927 /* Base */,
			);
			name = LaunchScreen.xib;
			sourceTree = "<group>";
		};
/* End PBXVariantGroup section */

/* Begin XCBuildConfiguration section */
		097DE3971BA685A900487927 /* Debug */ = {
			isa = XCBuildConfiguration;
			buildSettings = {
				ALWAYS_SEARCH_USER_PATHS = NO;
				CLANG_CXX_LANGUAGE_STANDARD = "gnu++0x";
				CLANG_CXX_LIBRARY = "libc++";
				CLANG_ENABLE_MODULES = YES;
				CLANG_ENABLE_OBJC_ARC = YES;
				CLANG_WARN_BOOL_CONVERSION = YES;
				CLANG_WARN_CONSTANT_CONVERSION = YES;
				CLANG_WARN_DIRECT_OBJC_ISA_USAGE = YES_ERROR;
				CLANG_WARN_EMPTY_BODY = YES;
				CLANG_WARN_ENUM_CONVERSION = YES;
				CLANG_WARN_INT_CONVERSION = YES;
				CLANG_WARN_OBJC_ROOT_CLASS = YES_ERROR;
				CLANG_WARN_UNREACHABLE_CODE = YES;
				CLANG_WARN__DUPLICATE_METHOD_MATCH = YES;
				"CODE_SIGN_IDENTITY[sdk=iphoneos*]" = "iPhone Developer";
				COPY_PHASE_STRIP = NO;
				DEBUG_INFORMATION_FORMAT = "dwarf-with-dsym";
				ENABLE_STRICT_OBJC_MSGSEND = YES;
				GCC_C_LANGUAGE_STANDARD = gnu99;
				GCC_DYNAMIC_NO_PIC = NO;
				GCC_NO_COMMON_BLOCKS = YES;
				GCC_OPTIMIZATION_LEVEL = 0;
				GCC_PREPROCESSOR_DEFINITIONS = (
					"DEBUG=1",
					"$(inherited)",
				);
				GCC_SYMBOLS_PRIVATE_EXTERN = NO;
				GCC_WARN_64_TO_32_BIT_CONVERSION = YES;
				GCC_WARN_ABOUT_RETURN_TYPE = YES_ERROR;
				GCC_WARN_UNDECLARED_SELECTOR = YES;
				GCC_WARN_UNINITIALIZED_AUTOS = YES_AGGRESSIVE;
				GCC_WARN_UNUSED_FUNCTION = YES;
				GCC_WARN_UNUSED_VARIABLE = YES;
				IPHONEOS_DEPLOYMENT_TARGET = 8.4;
				MTL_ENABLE_DEBUG_INFO = YES;
				ONLY_ACTIVE_ARCH = YES;
				SDKROOT = iphoneos;
				SWIFT_OPTIMIZATION_LEVEL = "-Onone";
			};
			name = Debug;
		};
		097DE3981BA685A900487927 /* Release */ = {
			isa = XCBuildConfiguration;
			buildSettings = {
				ALWAYS_SEARCH_USER_PATHS = NO;
				CLANG_CXX_LANGUAGE_STANDARD = "gnu++0x";
				CLANG_CXX_LIBRARY = "libc++";
				CLANG_ENABLE_MODULES = YES;
				CLANG_ENABLE_OBJC_ARC = YES;
				CLANG_WARN_BOOL_CONVERSION = YES;
				CLANG_WARN_CONSTANT_CONVERSION = YES;
				CLANG_WARN_DIRECT_OBJC_ISA_USAGE = YES_ERROR;
				CLANG_WARN_EMPTY_BODY = YES;
				CLANG_WARN_ENUM_CONVERSION = YES;
				CLANG_WARN_INT_CONVERSION = YES;
				CLANG_WARN_OBJC_ROOT_CLASS = YES_ERROR;
				CLANG_WARN_UNREACHABLE_CODE = YES;
				CLANG_WARN__DUPLICATE_METHOD_MATCH = YES;
				"CODE_SIGN_IDENTITY[sdk=iphoneos*]" = "iPhone Developer";
				COPY_PHASE_STRIP = NO;
				DEBUG_INFORMATION_FORMAT = "dwarf-with-dsym";
				ENABLE_NS_ASSERTIONS = NO;
				ENABLE_STRICT_OBJC_MSGSEND = YES;
				GCC_C_LANGUAGE_STANDARD = gnu99;
				GCC_NO_COMMON_BLOCKS = YES;
				GCC_WARN_64_TO_32_BIT_CONVERSION = YES;
				GCC_WARN_ABOUT_RETURN_TYPE = YES_ERROR;
				GCC_WARN_UNDECLARED_SELECTOR = YES;
				GCC_WARN_UNINITIALIZED_AUTOS = YES_AGGRESSIVE;
				GCC_WARN_UNUSED_FUNCTION = YES;
				GCC_WARN_UNUSED_VARIABLE = YES;
				IPHONEOS_DEPLOYMENT_TARGET = 8.4;
				MTL_ENABLE_DEBUG_INFO = NO;
				SDKROOT = iphoneos;
				VALIDATE_PRODUCT = YES;
			};
			name = Release;
		};
		097DE39A1BA685A900487927 /* Debug */ = {
			isa = XCBuildConfiguration;
			buildSettings = {
				ASSETCATALOG_COMPILER_APPICON_NAME = AppIcon;
				ASSETCATALOG_COMPILER_LAUNCHIMAGE_NAME = LaunchImage;
				INFOPLIST_FILE = tipsyCalc/Info.plist;
				IPHONEOS_DEPLOYMENT_TARGET = 8.4;
				LD_RUNPATH_SEARCH_PATHS = "$(inherited) @executable_path/Frameworks";
				PRODUCT_NAME = "$(TARGET_NAME)";
				TARGETED_DEVICE_FAMILY = 1;
			};
			name = Debug;
		};
		097DE39B1BA685A900487927 /* Release */ = {
			isa = XCBuildConfiguration;
			buildSettings = {
				ASSETCATALOG_COMPILER_APPICON_NAME = AppIcon;
				ASSETCATALOG_COMPILER_LAUNCHIMAGE_NAME = LaunchImage;
				INFOPLIST_FILE = tipsyCalc/Info.plist;
				IPHONEOS_DEPLOYMENT_TARGET = 8.4;
				LD_RUNPATH_SEARCH_PATHS = "$(inherited) @executable_path/Frameworks";
				PRODUCT_NAME = "$(TARGET_NAME)";
				TARGETED_DEVICE_FAMILY = 1;
			};
			name = Release;
		};
		097DE39D1BA685A900487927 /* Debug */ = {
			isa = XCBuildConfiguration;
			buildSettings = {
				BUNDLE_LOADER = "$(TEST_HOST)";
				FRAMEWORK_SEARCH_PATHS = (
					"$(SDKROOT)/Developer/Library/Frameworks",
					"$(inherited)",
				);
				GCC_PREPROCESSOR_DEFINITIONS = (
					"DEBUG=1",
					"$(inherited)",
				);
				INFOPLIST_FILE = tipsyCalcTests/Info.plist;
				LD_RUNPATH_SEARCH_PATHS = "$(inherited) @executable_path/Frameworks @loader_path/Frameworks";
				PRODUCT_NAME = "$(TARGET_NAME)";
				TEST_HOST = "$(BUILT_PRODUCTS_DIR)/tipsyCalc.app/tipsyCalc";
			};
			name = Debug;
		};
		097DE39E1BA685A900487927 /* Release */ = {
			isa = XCBuildConfiguration;
			buildSettings = {
				BUNDLE_LOADER = "$(TEST_HOST)";
				FRAMEWORK_SEARCH_PATHS = (
					"$(SDKROOT)/Developer/Library/Frameworks",
					"$(inherited)",
				);
				INFOPLIST_FILE = tipsyCalcTests/Info.plist;
				LD_RUNPATH_SEARCH_PATHS = "$(inherited) @executable_path/Frameworks @loader_path/Frameworks";
				PRODUCT_NAME = "$(TARGET_NAME)";
				TEST_HOST = "$(BUILT_PRODUCTS_DIR)/tipsyCalc.app/tipsyCalc";
			};
			name = Release;
		};
/* End XCBuildConfiguration section */

/* Begin XCConfigurationList section */
		097DE3751BA685A900487927 /* Build configuration list for PBXProject "tipsyCalc" */ = {
			isa = XCConfigurationList;
			buildConfigurations = (
				097DE3971BA685A900487927 /* Debug */,
				097DE3981BA685A900487927 /* Release */,
			);
			defaultConfigurationIsVisible = 0;
			defaultConfigurationName = Release;
		};
		097DE3991BA685A900487927 /* Build configuration list for PBXNativeTarget "tipsyCalc" */ = {
			isa = XCConfigurationList;
			buildConfigurations = (
				097DE39A1BA685A900487927 /* Debug */,
				097DE39B1BA685A900487927 /* Release */,
			);
			defaultConfigurationIsVisible = 0;
		};
		097DE39C1BA685A900487927 /* Build configuration list for PBXNativeTarget "tipsyCalcTests" */ = {
			isa = XCConfigurationList;
			buildConfigurations = (
				097DE39D1BA685A900487927 /* Debug */,
				097DE39E1BA685A900487927 /* Release */,
			);
			defaultConfigurationIsVisible = 0;
		};
/* End XCConfigurationList section */
	};
	rootObject = 097DE3721BA685A900487927 /* Project object */;
}
